// !$*UTF8*$!
{
	archiveVersion = 1;
	classes = {
	};
	objectVersion = 46;
	objects = {

/* Begin PBXBuildFile section */
		AA59A1791C94ACE300FCAFB7 /* BlockStatus.swift in Sources */ = {isa = PBXBuildFile; fileRef = AA59A1781C94ACE300FCAFB7 /* BlockStatus.swift */; };
		AA80A0CF1C924A810093C06A /* AppDelegate.swift in Sources */ = {isa = PBXBuildFile; fileRef = AA80A0CE1C924A810093C06A /* AppDelegate.swift */; };
		AA80A0D11C924A810093C06A /* GameScene.sks in Resources */ = {isa = PBXBuildFile; fileRef = AA80A0D01C924A810093C06A /* GameScene.sks */; };
		AA80A0D31C924A810093C06A /* GameScene.swift in Sources */ = {isa = PBXBuildFile; fileRef = AA80A0D21C924A810093C06A /* GameScene.swift */; };
		AA80A0D51C924A810093C06A /* GameViewController.swift in Sources */ = {isa = PBXBuildFile; fileRef = AA80A0D41C924A810093C06A /* GameViewController.swift */; };
		AA80A0D81C924A810093C06A /* Main.storyboard in Resources */ = {isa = PBXBuildFile; fileRef = AA80A0D61C924A810093C06A /* Main.storyboard */; };
		AA80A0DA1C924A810093C06A /* Assets.xcassets in Resources */ = {isa = PBXBuildFile; fileRef = AA80A0D91C924A810093C06A /* Assets.xcassets */; };
		AA80A0DD1C924A810093C06A /* LaunchScreen.storyboard in Resources */ = {isa = PBXBuildFile; fileRef = AA80A0DB1C924A810093C06A /* LaunchScreen.storyboard */; };
		AA80A0E51C9258780093C06A /* PlayScene.swift in Sources */ = {isa = PBXBuildFile; fileRef = AA80A0E41C9258780093C06A /* PlayScene.swift */; };
/* End PBXBuildFile section */

/* Begin PBXFileReference section */
		AA59A1781C94ACE300FCAFB7 /* BlockStatus.swift */ = {isa = PBXFileReference; fileEncoding = 4; lastKnownFileType = sourcecode.swift; path = BlockStatus.swift; sourceTree = "<group>"; };
		AA80A0CB1C924A810093C06A /* Phase Jumper.app */ = {isa = PBXFileReference; explicitFileType = wrapper.application; includeInIndex = 0; path = "Phase Jumper.app"; sourceTree = BUILT_PRODUCTS_DIR; };
		AA80A0CE1C924A810093C06A /* AppDelegate.swift */ = {isa = PBXFileReference; lastKnownFileType = sourcecode.swift; path = AppDelegate.swift; sourceTree = "<group>"; };
		AA80A0D01C924A810093C06A /* GameScene.sks */ = {isa = PBXFileReference; lastKnownFileType = file.sks; path = GameScene.sks; sourceTree = "<group>"; };
		AA80A0D21C924A810093C06A /* GameScene.swift */ = {isa = PBXFileReference; lastKnownFileType = sourcecode.swift; path = GameScene.swift; sourceTree = "<group>"; };
		AA80A0D41C924A810093C06A /* GameViewController.swift */ = {isa = PBXFileReference; lastKnownFileType = sourcecode.swift; path = GameViewController.swift; sourceTree = "<group>"; };
		AA80A0D71C924A810093C06A /* Base */ = {isa = PBXFileReference; lastKnownFileType = file.storyboard; name = Base; path = Base.lproj/Main.storyboard; sourceTree = "<group>"; };
		AA80A0D91C924A810093C06A /* Assets.xcassets */ = {isa = PBXFileReference; lastKnownFileType = folder.assetcatalog; path = Assets.xcassets; sourceTree = "<group>"; };
		AA80A0DC1C924A810093C06A /* Base */ = {isa = PBXFileReference; lastKnownFileType = file.storyboard; name = Base; path = Base.lproj/LaunchScreen.storyboard; sourceTree = "<group>"; };
		AA80A0DE1C924A810093C06A /* Info.plist */ = {isa = PBXFileReference; lastKnownFileType = text.plist.xml; path = Info.plist; sourceTree = "<group>"; };
		AA80A0E41C9258780093C06A /* PlayScene.swift */ = {isa = PBXFileReference; fileEncoding = 4; lastKnownFileType = sourcecode.swift; name = PlayScene.swift; path = ../PlayScene.swift; sourceTree = "<group>"; };
/* End PBXFileReference section */

/* Begin PBXFrameworksBuildPhase section */
		AA80A0C81C924A810093C06A /* Frameworks */ = {
			isa = PBXFrameworksBuildPhase;
			buildActionMask = 2147483647;
			files = (
			);
			runOnlyForDeploymentPostprocessing = 0;
		};
/* End PBXFrameworksBuildPhase section */

/* Begin PBXGroup section */
		AA80A0C21C924A810093C06A = {
			isa = PBXGroup;
			children = (
				AA80A0CD1C924A810093C06A /* Phase Jumper */,
				AA80A0CC1C924A810093C06A /* Products */,
			);
			sourceTree = "<group>";
		};
		AA80A0CC1C924A810093C06A /* Products */ = {
			isa = PBXGroup;
			children = (
				AA80A0CB1C924A810093C06A /* Phase Jumper.app */,
			);
			name = Products;
			sourceTree = "<group>";
		};
		AA80A0CD1C924A810093C06A /* Phase Jumper */ = {
			isa = PBXGroup;
			children = (
				AA80A0CE1C924A810093C06A /* AppDelegate.swift */,
				AA59A1781C94ACE300FCAFB7 /* BlockStatus.swift */,
				AA80A0D01C924A810093C06A /* GameScene.sks */,
				AA80A0D21C924A810093C06A /* GameScene.swift */,
				AA80A0E41C9258780093C06A /* PlayScene.swift */,
				AA80A0D41C924A810093C06A /* GameViewController.swift */,
				AA80A0D61C924A810093C06A /* Main.storyboard */,
				AA80A0D91C924A810093C06A /* Assets.xcassets */,
				AA80A0DB1C924A810093C06A /* LaunchScreen.storyboard */,
				AA80A0DE1C924A810093C06A /* Info.plist */,
			);
			path = "Phase Jumper";
			sourceTree = "<group>";
		};
/* End PBXGroup section */

/* Begin PBXNativeTarget section */
		AA80A0CA1C924A810093C06A /* Phase Jumper */ = {
			isa = PBXNativeTarget;
			buildConfigurationList = AA80A0E11C924A810093C06A /* Build configuration list for PBXNativeTarget "Phase Jumper" */;
			buildPhases = (
				AA80A0C71C924A810093C06A /* Sources */,
				AA80A0C81C924A810093C06A /* Frameworks */,
				AA80A0C91C924A810093C06A /* Resources */,
			);
			buildRules = (
			);
			dependencies = (
			);
			name = "Phase Jumper";
			productName = "Phase Jumper";
			productReference = AA80A0CB1C924A810093C06A /* Phase Jumper.app */;
			productType = "com.apple.product-type.application";
		};
/* End PBXNativeTarget section */

/* Begin PBXProject section */
		AA80A0C31C924A810093C06A /* Project object */ = {
			isa = PBXProject;
			attributes = {
				LastSwiftUpdateCheck = 0720;
				LastUpgradeCheck = 0720;
				ORGANIZATIONNAME = ChristianOBrien;
				TargetAttributes = {
					AA80A0CA1C924A810093C06A = {
						CreatedOnToolsVersion = 7.2.1;
						DevelopmentTeam = HUF74ZC968;
					};
				};
			};
			buildConfigurationList = AA80A0C61C924A810093C06A /* Build configuration list for PBXProject "Phase Jumper" */;
			compatibilityVersion = "Xcode 3.2";
			developmentRegion = English;
			hasScannedForEncodings = 0;
			knownRegions = (
				en,
				Base,
			);
			mainGroup = AA80A0C21C924A810093C06A;
			productRefGroup = AA80A0CC1C924A810093C06A /* Products */;
			projectDirPath = "";
			projectRoot = "";
			targets = (
				AA80A0CA1C924A810093C06A /* Phase Jumper */,
			);
		};
/* End PBXProject section */

/* Begin PBXResourcesBuildPhase section */
		AA80A0C91C924A810093C06A /* Resources */ = {
			isa = PBXResourcesBuildPhase;
			buildActionMask = 2147483647;
			files = (
				AA80A0D11C924A810093C06A /* GameScene.sks in Resources */,
				AA80A0DD1C924A810093C06A /* LaunchScreen.storyboard in Resources */,
				AA80A0DA1C924A810093C06A /* Assets.xcassets in Resources */,
				AA80A0D81C924A810093C06A /* Main.storyboard in Resources */,
			);
			runOnlyForDeploymentPostprocessing = 0;
		};
/* End PBXResourcesBuildPhase section */

/* Begin PBXSourcesBuildPhase section */
		AA80A0C71C924A810093C06A /* Sources */ = {
			isa = PBXSourcesBuildPhase;
			buildActionMask = 2147483647;
			files = (
				AA80A0D31C924A810093C06A /* GameScene.swift in Sources */,
				AA59A1791C94ACE300FCAFB7 /* BlockStatus.swift in Sources */,
				AA80A0D51C924A810093C06A /* GameViewController.swift in Sources */,
				AA80A0E51C9258780093C06A /* PlayScene.swift in Sources */,
				AA80A0CF1C924A810093C06A /* AppDelegate.swift in Sources */,
			);
			runOnlyForDeploymentPostprocessing = 0;
		};
/* End PBXSourcesBuildPhase section */

/* Begin PBXVariantGroup section */
		AA80A0D61C924A810093C06A /* Main.storyboard */ = {
			isa = PBXVariantGroup;
			children = (
				AA80A0D71C924A810093C06A /* Base */,
			);
			name = Main.storyboard;
			sourceTree = "<group>";
		};
		AA80A0DB1C924A810093C06A /* LaunchScreen.storyboard */ = {
			isa = PBXVariantGroup;
			children = (
				AA80A0DC1C924A810093C06A /* Base */,
			);
			name = LaunchScreen.storyboard;
			sourceTree = "<group>";
		};
/* End PBXVariantGroup section */

/* Begin XCBuildConfiguration section */
		AA80A0DF1C924A810093C06A /* Debug */ = {
			isa = XCBuildConfiguration;
			buildSettings = {
				ALWAYS_SEARCH_USER_PATHS = NO;
				CLANG_CXX_LANGUAGE_STANDARD = "gnu++0x";
				CLANG_CXX_LIBRARY = "libc++";
				CLANG_ENABLE_MODULES = YES;
				CLANG_ENABLE_OBJC_ARC = YES;
				CLANG_WARN_BOOL_CONVERSION = YES;
				CLANG_WARN_CONSTANT_CONVERSION = YES;
				CLANG_WARN_DIRECT_OBJC_ISA_USAGE = YES_ERROR;
				CLANG_WARN_EMPTY_BODY = YES;
				CLANG_WARN_ENUM_CONVERSION = YES;
				CLANG_WARN_INT_CONVERSION = YES;
				CLANG_WARN_OBJC_ROOT_CLASS = YES_ERROR;
				CLANG_WARN_UNREACHABLE_CODE = YES;
				CLANG_WARN__DUPLICATE_METHOD_MATCH = YES;
				"CODE_SIGN_IDENTITY[sdk=iphoneos*]" = "iPhone Developer";
				COPY_PHASE_STRIP = NO;
				DEBUG_INFORMATION_FORMAT = "dwarf-with-dsym";
				ENABLE_STRICT_OBJC_MSGSEND = YES;
				ENABLE_TESTABILITY = YES;
				GCC_C_LANGUAGE_STANDARD = gnu99;
				GCC_DYNAMIC_NO_PIC = NO;
				GCC_NO_COMMON_BLOCKS = YES;
				GCC_OPTIMIZATION_LEVEL = 0;
				GCC_PREPROCESSOR_DEFINITIONS = (
					"DEBUG=1",
					"$(inherited)",
				);
				GCC_WARN_64_TO_32_BIT_CONVERSION = YES;
				GCC_WARN_ABOUT_RETURN_TYPE = YES_ERROR;
				GCC_WARN_UNDECLARED_SELECTOR = YES;
				GCC_WARN_UNINITIALIZED_AUTOS = YES_AGGRESSIVE;
				GCC_WARN_UNUSED_FUNCTION = YES;
				GCC_WARN_UNUSED_VARIABLE = YES;
				IPHONEOS_DEPLOYMENT_TARGET = 9.2;
				MTL_ENABLE_DEBUG_INFO = YES;
				ONLY_ACTIVE_ARCH = YES;
				SDKROOT = iphoneos;
				SWIFT_OPTIMIZATION_LEVEL = "-Onone";
				TARGETED_DEVICE_FAMILY = "1,2";
			};
			name = Debug;
		};
		AA80A0E01C924A810093C06A /* Release */ = {
			isa = XCBuildConfiguration;
			buildSettings = {
				ALWAYS_SEARCH_USER_PATHS = NO;
				CLANG_CXX_LANGUAGE_STANDARD = "gnu++0x";
				CLANG_CXX_LIBRARY = "libc++";
				CLANG_ENABLE_MODULES = YES;
				CLANG_ENABLE_OBJC_ARC = YES;
				CLANG_WARN_BOOL_CONVERSION = YES;
				CLANG_WARN_CONSTANT_CONVERSION = YES;
				CLANG_WARN_DIRECT_OBJC_ISA_USAGE = YES_ERROR;
				CLANG_WARN_EMPTY_BODY = YES;
				CLANG_WARN_ENUM_CONVERSION = YES;
				CLANG_WARN_INT_CONVERSION = YES;
				CLANG_WARN_OBJC_ROOT_CLASS = YES_ERROR;
				CLANG_WARN_UNREACHABLE_CODE = YES;
				CLANG_WARN__DUPLICATE_METHOD_MATCH = YES;
				"CODE_SIGN_IDENTITY[sdk=iphoneos*]" = "iPhone Developer";
				COPY_PHASE_STRIP = NO;
				DEBUG_INFORMATION_FORMAT = "dwarf-with-dsym";
				ENABLE_NS_ASSERTIONS = NO;
				ENABLE_STRICT_OBJC_MSGSEND = YES;
				GCC_C_LANGUAGE_STANDARD = gnu99;
				GCC_NO_COMMON_BLOCKS = YES;
				GCC_WARN_64_TO_32_BIT_CONVERSION = YES;
				GCC_WARN_ABOUT_RETURN_TYPE = YES_ERROR;
				GCC_WARN_UNDECLARED_SELECTOR = YES;
				GCC_WARN_UNINITIALIZED_AUTOS = YES_AGGRESSIVE;
				GCC_WARN_UNUSED_FUNCTION = YES;
				GCC_WARN_UNUSED_VARIABLE = YES;
				IPHONEOS_DEPLOYMENT_TARGET = 9.2;
				MTL_ENABLE_DEBUG_INFO = NO;
				SDKROOT = iphoneos;
				TARGETED_DEVICE_FAMILY = "1,2";
				VALIDATE_PRODUCT = YES;
			};
			name = Release;
		};
		AA80A0E21C924A810093C06A /* Debug */ = {
			isa = XCBuildConfiguration;
			buildSettings = {
				ASSETCATALOG_COMPILER_APPICON_NAME = AppIcon;
				INFOPLIST_FILE = "Phase Jumper/Info.plist";
				LD_RUNPATH_SEARCH_PATHS = "$(inherited) @executable_path/Frameworks";
				PRODUCT_BUNDLE_IDENTIFIER = "CO.Phase-Jumper";
				PRODUCT_NAME = "$(TARGET_NAME)";
			};
			name = Debug;
		};
		AA80A0E31C924A810093C06A /* Release */ = {
			isa = XCBuildConfiguration;
			buildSettings = {
				ASSETCATALOG_COMPILER_APPICON_NAME = AppIcon;
				INFOPLIST_FILE = "Phase Jumper/Info.plist";
				LD_RUNPATH_SEARCH_PATHS = "$(inherited) @executable_path/Frameworks";
				PRODUCT_BUNDLE_IDENTIFIER = "CO.Phase-Jumper";
				PRODUCT_NAME = "$(TARGET_NAME)";
			};
			name = Release;
		};
/* End XCBuildConfiguration section */

/* Begin XCConfigurationList section */
		AA80A0C61C924A810093C06A /* Build configuration list for PBXProject "Phase Jumper" */ = {
			isa = XCConfigurationList;
			buildConfigurations = (
				AA80A0DF1C924A810093C06A /* Debug */,
				AA80A0E01C924A810093C06A /* Release */,
			);
			defaultConfigurationIsVisible = 0;
			defaultConfigurationName = Release;
		};
		AA80A0E11C924A810093C06A /* Build configuration list for PBXNativeTarget "Phase Jumper" */ = {
			isa = XCConfigurationList;
			buildConfigurations = (
				AA80A0E21C924A810093C06A /* Debug */,
				AA80A0E31C924A810093C06A /* Release */,
			);
			defaultConfigurationIsVisible = 0;
			defaultConfigurationName = Release;
		};
/* End XCConfigurationList section */
	};
	rootObject = AA80A0C31C924A810093C06A /* Project object */;
}
